{
  "name": "simpatika",
  "version": "1.0.0",
  "lockfileVersion": 1,
  "requires": true,
  "dependencies": {
    "intro.js": {
      "version": "2.9.3",
      "resolved": "https://registry.npmjs.org/intro.js/-/intro.js-2.9.3.tgz",
      "integrity": "sha512-hC+EXWnEuJeA3CveGMat3XHePd2iaXNFJIVfvJh2E9IzBMGLTlhWvPIVHAgKlOpO4lNayCxEqzr4N02VmHFr9Q=="
    },
    "signature_pad": {
      "version": "3.0.0-beta.3",
      "resolved": "https://registry.npmjs.org/signature_pad/-/signature_pad-3.0.0-beta.3.tgz",
      "integrity": "sha512-qBFUr24eH3twi3rNwLPW7XRSZs8l76r4C/ndh5Yby97x8v0wtYs4HPbbIRwuPwEIcZ01QTPKbizc/OumdisEBQ=="
    },
    "sweetalert2": {
      "version": "9.4.0",
      "resolved": "https://registry.npmjs.org/sweetalert2/-/sweetalert2-9.4.0.tgz",
      "integrity": "sha512-c9Azg2eVXIgaYV9Su2tRbRip7YD3baGwl9S7yKVdELu9E7rEcER+WBeJenVjR6kRGC426ggMFUgLTf0l/LUb1Q=="
    }
  }
}
