{
  "name": "lecturer",
  "lockfileVersion": 2,
  "requires": true,
  "packages": {
    "": {
      "dependencies": {
        "font-awesome": "^4.7.0",
        "intro.js": "^3.4.0",
        "sweetalert2": "^10.14.1"
      }
    },
    "node_modules/font-awesome": {
      "version": "4.7.0",
      "resolved": "https://registry.npmjs.org/font-awesome/-/font-awesome-4.7.0.tgz",
      "integrity": "sha1-j6jPBBGhoxr9B7BtKQK7n8gVoTM=",
      "engines": {
        "node": ">=0.10.3"
      }
    },
    "node_modules/intro.js": {
      "version": "3.4.0",
      "resolved": "https://registry.npmjs.org/intro.js/-/intro.js-3.4.0.tgz",
      "integrity": "sha512-LlOM5izNtkPEtjusCYDZs6Nt9JrykpUuqWh5bfQJtWVMWtg2vGzxzJDGrTdF9XUzVZvWzVIdkga/M/z8AX6hlg=="
    },
    "node_modules/sweetalert2": {
      "version": "10.15.6",
      "resolved": "https://registry.npmjs.org/sweetalert2/-/sweetalert2-10.15.6.tgz",
      "integrity": "sha512-elLyVvVwBBsgkT0NrxiiVuEv077gqGhm7WEdBjXRHN+TOX+MoC4LpDW2kbdSeJtjjU1sPdqGKfGLoJElIXfVWA==",
      "funding": {
        "url": "https://sweetalert2.github.io/#donations"
      }
    }
  },
  "dependencies": {
    "font-awesome": {
      "version": "4.7.0",
      "resolved": "https://registry.npmjs.org/font-awesome/-/font-awesome-4.7.0.tgz",
      "integrity": "sha1-j6jPBBGhoxr9B7BtKQK7n8gVoTM="
    },
    "intro.js": {
      "version": "3.4.0",
      "resolved": "https://registry.npmjs.org/intro.js/-/intro.js-3.4.0.tgz",
      "integrity": "sha512-LlOM5izNtkPEtjusCYDZs6Nt9JrykpUuqWh5bfQJtWVMWtg2vGzxzJDGrTdF9XUzVZvWzVIdkga/M/z8AX6hlg=="
    },
    "sweetalert2": {
      "version": "10.15.6",
      "resolved": "https://registry.npmjs.org/sweetalert2/-/sweetalert2-10.15.6.tgz",
      "integrity": "sha512-elLyVvVwBBsgkT0NrxiiVuEv077gqGhm7WEdBjXRHN+TOX+MoC4LpDW2kbdSeJtjjU1sPdqGKfGLoJElIXfVWA=="
    }
  }
}
