{
  "name": "simpatika",
  "version": "1.0.0",
  "lockfileVersion": 2,
  "requires": true,
  "packages": {
    "": {
      "version": "1.0.0",
      "license": "ISC",
      "dependencies": {
        "bootstrap3": "^3.3.5",
        "font-awesome": "^4.7.0",
        "intro.js": "^2.9.3",
        "signature_pad": "^3.0.0-beta.3",
        "sweetalert2": "^9.4.0"
      }
    },
    "node_modules/bootstrap3": {
      "version": "3.3.5",
      "resolved": "https://registry.npmjs.org/bootstrap3/-/bootstrap3-3.3.5.tgz",
      "integrity": "sha1-SWpO9sCHIU+paDgZbWDeZF6CWRo=",
      "engines": {
        "node": ">=0.10.1"
      }
    },
    "node_modules/font-awesome": {
      "version": "4.7.0",
      "resolved": "https://registry.npmjs.org/font-awesome/-/font-awesome-4.7.0.tgz",
      "integrity": "sha1-j6jPBBGhoxr9B7BtKQK7n8gVoTM=",
      "engines": {
        "node": ">=0.10.3"
      }
    },
    "node_modules/intro.js": {
      "version": "2.9.3",
      "resolved": "https://registry.npmjs.org/intro.js/-/intro.js-2.9.3.tgz",
      "integrity": "sha512-hC+EXWnEuJeA3CveGMat3XHePd2iaXNFJIVfvJh2E9IzBMGLTlhWvPIVHAgKlOpO4lNayCxEqzr4N02VmHFr9Q=="
    },
    "node_modules/signature_pad": {
      "version": "3.0.0-beta.3",
      "resolved": "https://registry.npmjs.org/signature_pad/-/signature_pad-3.0.0-beta.3.tgz",
      "integrity": "sha512-qBFUr24eH3twi3rNwLPW7XRSZs8l76r4C/ndh5Yby97x8v0wtYs4HPbbIRwuPwEIcZ01QTPKbizc/OumdisEBQ=="
    },
    "node_modules/sweetalert2": {
      "version": "9.4.0",
      "resolved": "https://registry.npmjs.org/sweetalert2/-/sweetalert2-9.4.0.tgz",
      "integrity": "sha512-c9Azg2eVXIgaYV9Su2tRbRip7YD3baGwl9S7yKVdELu9E7rEcER+WBeJenVjR6kRGC426ggMFUgLTf0l/LUb1Q=="
    }
  },
  "dependencies": {
    "bootstrap3": {
      "version": "3.3.5",
      "resolved": "https://registry.npmjs.org/bootstrap3/-/bootstrap3-3.3.5.tgz",
      "integrity": "sha1-SWpO9sCHIU+paDgZbWDeZF6CWRo="
    },
    "font-awesome": {
      "version": "4.7.0",
      "resolved": "https://registry.npmjs.org/font-awesome/-/font-awesome-4.7.0.tgz",
      "integrity": "sha1-j6jPBBGhoxr9B7BtKQK7n8gVoTM="
    },
    "intro.js": {
      "version": "2.9.3",
      "resolved": "https://registry.npmjs.org/intro.js/-/intro.js-2.9.3.tgz",
      "integrity": "sha512-hC+EXWnEuJeA3CveGMat3XHePd2iaXNFJIVfvJh2E9IzBMGLTlhWvPIVHAgKlOpO4lNayCxEqzr4N02VmHFr9Q=="
    },
    "signature_pad": {
      "version": "3.0.0-beta.3",
      "resolved": "https://registry.npmjs.org/signature_pad/-/signature_pad-3.0.0-beta.3.tgz",
      "integrity": "sha512-qBFUr24eH3twi3rNwLPW7XRSZs8l76r4C/ndh5Yby97x8v0wtYs4HPbbIRwuPwEIcZ01QTPKbizc/OumdisEBQ=="
    },
    "sweetalert2": {
      "version": "9.4.0",
      "resolved": "https://registry.npmjs.org/sweetalert2/-/sweetalert2-9.4.0.tgz",
      "integrity": "sha512-c9Azg2eVXIgaYV9Su2tRbRip7YD3baGwl9S7yKVdELu9E7rEcER+WBeJenVjR6kRGC426ggMFUgLTf0l/LUb1Q=="
    }
  }
}
